
Microsoft Visual Studio Solution File, Format Version 12.00
# Visual Studio Version 16
VisualStudioVersion = 16.0.30621.155
MinimumVisualStudioVersion = 10.0.40219.1
Project("{9A19103F-16F7-4668-BE54-9A1E7A4F7556}") = "TitanShark.Thresher.Core", "TitanShark.Thresher.Core\TitanShark.Thresher.Core.csproj", "{2FEFAF58-7123-4A20-A810-FEAFB553B934}"
EndProject
Project("{9A19103F-16F7-4668-BE54-9A1E7A4F7556}") = "TitanShark.Thresher.Core.Tests", "TitanShark.Thresher.Core.Tests\TitanShark.Thresher.Core.Tests.csproj", "{76DA48A0-08D2-4290-97C8-5A3CBF12D0A3}"
EndProject
Project("{2150E333-8FDC-42A3-9474-1A3956D46DE8}") = ".github", ".github", "{0BC1F859-1B18-4B1F-B3EE-75C23CDAE8E6}"
EndProject
Project("{2150E333-8FDC-42A3-9474-1A3956D46DE8}") = "workflows", "workflows", "{90162BFF-28A9-4ADA-AFB9-387C798564F2}"
	ProjectSection(SolutionItems) = preProject
		.github\workflows\publish.yml = .github\workflows\publish.yml
	EndProjectSection
EndProject
Project("{2150E333-8FDC-42A3-9474-1A3956D46DE8}") = ".docs", ".docs", "{B7F92137-6B5B-41A1-BF75-E0D5D3B10E2B}"
	ProjectSection(SolutionItems) = preProject
		LICENSE = LICENSE
		README.md = README.md
	EndProjectSection
EndProject
Global
	GlobalSection(SolutionConfigurationPlatforms) = preSolution
		Debug|Any CPU = Debug|Any CPU
		Release|Any CPU = Release|Any CPU
	EndGlobalSection
	GlobalSection(ProjectConfigurationPlatforms) = postSolution
		{2FEFAF58-7123-4A20-A810-FEAFB553B934}.Debug|Any CPU.ActiveCfg = Debug|Any CPU
		{2FEFAF58-7123-4A20-A810-FEAFB553B934}.Debug|Any CPU.Build.0 = Debug|Any CPU
		{2FEFAF58-7123-4A20-A810-FEAFB553B934}.Release|Any CPU.ActiveCfg = Release|Any CPU
		{2FEFAF58-7123-4A20-A810-FEAFB553B934}.Release|Any CPU.Build.0 = Release|Any CPU
		{76DA48A0-08D2-4290-97C8-5A3CBF12D0A3}.Debug|Any CPU.ActiveCfg = Debug|Any CPU
		{76DA48A0-08D2-4290-97C8-5A3CBF12D0A3}.Debug|Any CPU.Build.0 = Debug|Any CPU
		{76DA48A0-08D2-4290-97C8-5A3CBF12D0A3}.Release|Any CPU.ActiveCfg = Release|Any CPU
		{76DA48A0-08D2-4290-97C8-5A3CBF12D0A3}.Release|Any CPU.Build.0 = Release|Any CPU
	EndGlobalSection
	GlobalSection(SolutionProperties) = preSolution
		HideSolutionNode = FALSE
	EndGlobalSection
	GlobalSection(NestedProjects) = preSolution
		{90162BFF-28A9-4ADA-AFB9-387C798564F2} = {0BC1F859-1B18-4B1F-B3EE-75C23CDAE8E6}
	EndGlobalSection
	GlobalSection(ExtensibilityGlobals) = postSolution
		SolutionGuid = {9F2CDECA-8134-4EAC-A42D-E5AC18FE4CA9}
	EndGlobalSection
EndGlobal
